
Microsoft Visual Studio Solution File, Format Version 12.00
# Visual Studio Version 16
VisualStudioVersion = 16.0.30104.148
MinimumVisualStudioVersion = 15.0.26124.0
Project("{9A19103F-16F7-4668-BE54-9A1E7A4F7556}") = "Application", "Core\Application\Application.csproj", "{B4C6D3C1-ADBB-4B72-B714-9F6FACC3875F}"
EndProject
Project("{9A19103F-16F7-4668-BE54-9A1E7A4F7556}") = "Domain", "Core\Domain\Domain.csproj", "{9DCDE38A-3DAD-4EC2-9FAD-F835EBE64AC1}"
EndProject
Project("{9A19103F-16F7-4668-BE54-9A1E7A4F7556}") = "Persistance", "Infrastructure\Persistance\Persistance.csproj", "{4607DDBF-8854-4E88-A15A-8835F20C8FA7}"
EndProject
Project("{9A19103F-16F7-4668-BE54-9A1E7A4F7556}") = "Costify", "Presentation\Costify\Costify.csproj", "{0241849B-BCC3-481C-929D-7F81A9F16675}"
EndProject
Project("{2150E333-8FDC-42A3-9474-1A3956D46DE8}") = "Solution Items", "Solution Items", "{6A3D2007-9016-405D-983C-0D2B7A424B15}"
	ProjectSection(SolutionItems) = preProject
		.gitignore = .gitignore
	EndProjectSection
EndProject
Project("{2150E333-8FDC-42A3-9474-1A3956D46DE8}") = "Presentation", "Presentation", "{FD782C87-0ED4-44B9-9180-544FEB859D7F}"
EndProject
Project("{FAE04EC0-301F-11D3-BF4B-00C04F79EFBC}") = "Costify.Api", "Presentation\Costify.Api\Costify.Api.csproj", "{CE81F48A-947B-49DA-930A-27A5087D5024}"
EndProject
Global
	GlobalSection(SolutionConfigurationPlatforms) = preSolution
		Debug|Any CPU = Debug|Any CPU
		Release|Any CPU = Release|Any CPU
	EndGlobalSection
	GlobalSection(ProjectConfigurationPlatforms) = postSolution
		{B4C6D3C1-ADBB-4B72-B714-9F6FACC3875F}.Debug|Any CPU.ActiveCfg = Debug|Any CPU
		{B4C6D3C1-ADBB-4B72-B714-9F6FACC3875F}.Debug|Any CPU.Build.0 = Debug|Any CPU
		{B4C6D3C1-ADBB-4B72-B714-9F6FACC3875F}.Release|Any CPU.ActiveCfg = Release|Any CPU
		{B4C6D3C1-ADBB-4B72-B714-9F6FACC3875F}.Release|Any CPU.Build.0 = Release|Any CPU
		{9DCDE38A-3DAD-4EC2-9FAD-F835EBE64AC1}.Debug|Any CPU.ActiveCfg = Debug|Any CPU
		{9DCDE38A-3DAD-4EC2-9FAD-F835EBE64AC1}.Debug|Any CPU.Build.0 = Debug|Any CPU
		{9DCDE38A-3DAD-4EC2-9FAD-F835EBE64AC1}.Release|Any CPU.ActiveCfg = Release|Any CPU
		{9DCDE38A-3DAD-4EC2-9FAD-F835EBE64AC1}.Release|Any CPU.Build.0 = Release|Any CPU
		{4607DDBF-8854-4E88-A15A-8835F20C8FA7}.Debug|Any CPU.ActiveCfg = Debug|Any CPU
		{4607DDBF-8854-4E88-A15A-8835F20C8FA7}.Debug|Any CPU.Build.0 = Debug|Any CPU
		{4607DDBF-8854-4E88-A15A-8835F20C8FA7}.Release|Any CPU.ActiveCfg = Release|Any CPU
		{4607DDBF-8854-4E88-A15A-8835F20C8FA7}.Release|Any CPU.Build.0 = Release|Any CPU
		{0241849B-BCC3-481C-929D-7F81A9F16675}.Debug|Any CPU.ActiveCfg = Debug|Any CPU
		{0241849B-BCC3-481C-929D-7F81A9F16675}.Debug|Any CPU.Build.0 = Debug|Any CPU
		{0241849B-BCC3-481C-929D-7F81A9F16675}.Release|Any CPU.ActiveCfg = Release|Any CPU
		{0241849B-BCC3-481C-929D-7F81A9F16675}.Release|Any CPU.Build.0 = Release|Any CPU
		{CE81F48A-947B-49DA-930A-27A5087D5024}.Debug|Any CPU.ActiveCfg = Debug|Any CPU
		{CE81F48A-947B-49DA-930A-27A5087D5024}.Debug|Any CPU.Build.0 = Debug|Any CPU
		{CE81F48A-947B-49DA-930A-27A5087D5024}.Release|Any CPU.ActiveCfg = Release|Any CPU
		{CE81F48A-947B-49DA-930A-27A5087D5024}.Release|Any CPU.Build.0 = Release|Any CPU
	EndGlobalSection
	GlobalSection(SolutionProperties) = preSolution
		HideSolutionNode = FALSE
	EndGlobalSection
	GlobalSection(ExtensibilityGlobals) = postSolution
		SolutionGuid = {D7D53E5F-4FFE-4710-8CBB-884BBD12BB78}
	EndGlobalSection
	GlobalSection(NestedProjects) = preSolution
		{CE81F48A-947B-49DA-930A-27A5087D5024} = {FD782C87-0ED4-44B9-9180-544FEB859D7F}
	EndGlobalSection
EndGlobal
